
Microsoft Visual Studio Solution File, Format Version 12.00
# Visual Studio 14
VisualStudioVersion = 14.0.25420.1
MinimumVisualStudioVersion = 10.0.40219.1
Project("{FAE04EC0-301F-11D3-BF4B-00C04F79EFBC}") = "HashCode2017", "HashCode2017\HashCode2017.csproj", "{EEA7EEAB-A7F2-492F-8D0F-5DFA987A9DD0}"
EndProject
Project("{2150E333-8FDC-42A3-9474-1A3956D46DE8}") = "Solution Items", "Solution Items", "{891F859D-61C6-45E7-9A71-B10B531AE360}"
	ProjectSection(SolutionItems) = preProject
		makezip.ps1 = makezip.ps1
	EndProjectSection
EndProject
Global
	GlobalSection(SolutionConfigurationPlatforms) = preSolution
		Debug|Any CPU = Debug|Any CPU
		Release|Any CPU = Release|Any CPU
	EndGlobalSection
	GlobalSection(ProjectConfigurationPlatforms) = postSolution
		{EEA7EEAB-A7F2-492F-8D0F-5DFA987A9DD0}.Debug|Any CPU.ActiveCfg = Debug|Any CPU
		{EEA7EEAB-A7F2-492F-8D0F-5DFA987A9DD0}.Debug|Any CPU.Build.0 = Debug|Any CPU
		{EEA7EEAB-A7F2-492F-8D0F-5DFA987A9DD0}.Release|Any CPU.ActiveCfg = Release|Any CPU
		{EEA7EEAB-A7F2-492F-8D0F-5DFA987A9DD0}.Release|Any CPU.Build.0 = Release|Any CPU
	EndGlobalSection
	GlobalSection(SolutionProperties) = preSolution
		HideSolutionNode = FALSE
	EndGlobalSection
EndGlobal
